dependencies:
- name: yas-configuration
  repository: file://../yas-configuration
  version: 0.4.0
- name: cart
  repository: file://../cart
  version: 0.2.0
- name: customer
  repository: file://../customer
  version: 0.1.0
- name: inventory
  repository: file://../inventory
  version: 0.1.0
- name: location
  repository: file://../location
  version: 0.1.0
- name: media
  repository: file://../media
  version: 0.1.0
- name: order
  repository: file://../order
  version: 0.2.0
- name: payment
  repository: file://../payment
  version: 0.2.0
- name: payment-paypal
  repository: file://../payment-paypal
  version: 0.2.0
- name: product
  repository: file://../product
  version: 0.1.0
- name: promotion
  repository: file://../promotion
  version: 0.1.0
- name: rating
  repository: file://../rating
  version: 0.1.0
- name: recommendation
  repository: file://../recommendation
  version: 0.1.0
- name: search
  repository: file://../search
  version: 0.1.0
- name: tax
  repository: file://../tax
  version: 0.1.0
- name: webhook
  repository: file://../webhook
  version: 0.1.0
- name: sampledata
  repository: file://../sampledata
  version: 0.1.0
- name: backoffice-bff
  repository: file://../backoffice-bff
  version: 0.1.0
- name: storefront-bff
  repository: file://../storefront-bff
  version: 0.1.0
- name: backoffice-ui
  repository: file://../backoffice-ui
  version: 0.1.0
- name: storefront-ui
  repository: file://../storefront-ui
  version: 0.1.0
digest: sha256:247c4c716bab7ede38615126bd0f2e49df15d481dfedaf0fec98cacb60bd0ea0
generated: "2026-04-13T18:26:15.074398682+07:00"
